# THIS IS AN AUTOGENERATED FILE. DO NOT EDIT THIS FILE DIRECTLY.
# yarn lockfile v1


"@types/events@^1.2.0":
  version "1.2.0"
  resolved "https://registry.yarnpkg.com/@types/events/-/events-1.2.0.tgz#81a6731ce4df43619e5c8c945383b3e62a89ea86"

"@types/prop-types@*":
  version "15.5.6"
  resolved "https://registry.yarnpkg.com/@types/prop-types/-/prop-types-15.5.6.tgz#9c03d3fed70a8d517c191b7734da2879b50ca26c"

"@types/react-native@^0.57.0":
  version "0.57.0"
  resolved "https://registry.yarnpkg.com/@types/react-native/-/react-native-0.57.0.tgz#e2790dfdd2be5280bcaecce92ce4b05b4de33696"
  dependencies:
    "@types/prop-types" "*"
    "@types/react" "*"

"@types/react@*":
  version "16.4.14"
  resolved "https://registry.yarnpkg.com/@types/react/-/react-16.4.14.tgz#47c604c8e46ed674bbdf4aabf82b34b9041c6a04"
  dependencies:
    "@types/prop-types" "*"
    csstype "^2.2.0"

csstype@^2.2.0:
  version "2.5.7"
  resolved "https://registry.yarnpkg.com/csstype/-/csstype-2.5.7.tgz#bf9235d5872141eccfb2d16d82993c6b149179ff"

events@^1.1.1:
  version "1.1.1"
  resolved "http://registry.npmjs.org/events/-/events-1.1.1.tgz#9ebdb7635ad099c70dcc4c2a1f5004288e8bd924"

react-native-events@~1.0.7:
  version "1.0.7"
  resolved "https://registry.yarnpkg.com/react-native-events/-/react-native-events-1.0.7.tgz#6870140cc9f33eabe68512840b444c87a564b362"
  dependencies:
    events "^1.1.1"

typescript@^3.1.1:
  version "3.1.1"
  resolved "https://registry.yarnpkg.com/typescript/-/typescript-3.1.1.tgz#3362ba9dd1e482ebb2355b02dfe8bcd19a2c7c96"
